<Solution>
  <Folder Name="/src/">
    <Project Path="src/AiMentor.Api/AiMentor.Api.csproj" />
    <Project Path="src/AiMentor.Application/AiMentor.Application.csproj" />
    <Project Path="src/AiMentor.Domain/AiMentor.Domain.csproj" />
    <Project Path="src/AiMentor.Infrastructure/AiMentor.Infrastructure.csproj" />
    <Project Path="src/AiMentor.Evaluation/AiMentor.Evaluation.csproj" />
    <Project Path="src/AiMentor.Migrations/AiMentor.Migrations.csproj" />
  </Folder>
  <Folder Name="/tests/">
    <Project Path="tests/AiMentor.AtlasCrashHelper/AiMentor.AtlasCrashHelper.csproj" />
    <Project Path="tests/AiMentor.OidcHttpFixture/AiMentor.OidcHttpFixture.csproj" />
    <Project Path="tests/AiMentor.ProviderHttpFixture/AiMentor.ProviderHttpFixture.csproj" />
    <Project Path="tests/AiMentor.Tests/AiMentor.Tests.csproj" />
  </Folder>
</Solution>
